{
  "name": "try_work_with_library",
  "version": "1.0.0",
  "lockfileVersion": 1,
  "requires": true,
  "dependencies": {
    "@pavel-a-t/ajs": {
      "version": "1.0.0",
      "resolved": "https://npm.pkg.github.com/download/@pavel-a-t/ajs/1.0.0/2ec04fe8cfec140b47329fe1451238bba4c8c8790e55a912e31b5d500cecbca2",
      "integrity": "sha512-bpqtQZeqfDbq/NJeIaEAxdOO/Fb+k7aIJlKG8QSoS0PWZMdveEqB1ZI48zaUELXZfJxlniVwDfa7msXmCXh+ug=="
    }
  }
}
